
Microsoft Visual Studio Solution File, Format Version 12.00
# Visual Studio Version 16
VisualStudioVersion = 16.0.31205.134
MinimumVisualStudioVersion = 10.0.40219.1
Project("{FAE04EC0-301F-11D3-BF4B-00C04F79EFBC}") = "MovieCatalog.Data", "MovieCatalog.Data\MovieCatalog.Data.csproj", "{37BEECB0-1C67-42A3-8144-9F5FD091F23A}"
EndProject
Project("{FAE04EC0-301F-11D3-BF4B-00C04F79EFBC}") = "MovieCatalog.Terminal", "MovieCatalog.Terminal\MovieCatalog.Terminal.csproj", "{88B258E4-B960-4294-AD48-AE20204D307D}"
EndProject
Global
	GlobalSection(SolutionConfigurationPlatforms) = preSolution
		Debug|Any CPU = Debug|Any CPU
		Release|Any CPU = Release|Any CPU
	EndGlobalSection
	GlobalSection(ProjectConfigurationPlatforms) = postSolution
		{37BEECB0-1C67-42A3-8144-9F5FD091F23A}.Debug|Any CPU.ActiveCfg = Debug|Any CPU
		{37BEECB0-1C67-42A3-8144-9F5FD091F23A}.Debug|Any CPU.Build.0 = Debug|Any CPU
		{37BEECB0-1C67-42A3-8144-9F5FD091F23A}.Release|Any CPU.ActiveCfg = Release|Any CPU
		{37BEECB0-1C67-42A3-8144-9F5FD091F23A}.Release|Any CPU.Build.0 = Release|Any CPU
		{88B258E4-B960-4294-AD48-AE20204D307D}.Debug|Any CPU.ActiveCfg = Debug|Any CPU
		{88B258E4-B960-4294-AD48-AE20204D307D}.Debug|Any CPU.Build.0 = Debug|Any CPU
		{88B258E4-B960-4294-AD48-AE20204D307D}.Release|Any CPU.ActiveCfg = Release|Any CPU
		{88B258E4-B960-4294-AD48-AE20204D307D}.Release|Any CPU.Build.0 = Release|Any CPU
	EndGlobalSection
	GlobalSection(SolutionProperties) = preSolution
		HideSolutionNode = FALSE
	EndGlobalSection
	GlobalSection(ExtensibilityGlobals) = postSolution
		SolutionGuid = {48BFA056-D778-4EE0-AAA1-D5E57E4BD707}
	EndGlobalSection
EndGlobal
